
Microsoft Visual Studio Solution File, Format Version 12.00
# Visual Studio 2013
VisualStudioVersion = 12.0.21005.1
MinimumVisualStudioVersion = 10.0.40219.1
Project("{2150E333-8FDC-42A3-9474-1A3956D46DE8}") = "Solution Items", "Solution Items", "{6B61132F-AE4B-4686-A649-517D910295B0}"
	ProjectSection(SolutionItems) = preProject
		Local.testsettings = Local.testsettings
		MapReduce.NET.vsmdi = MapReduce.NET.vsmdi
		Readme.txt = Readme.txt
		TraceAndTestImpact.testsettings = TraceAndTestImpact.testsettings
		WorkItems.txt = WorkItems.txt
	EndProjectSection
EndProject
Project("{FAE04EC0-301F-11D3-BF4B-00C04F79EFBC}") = "MapReduce.NET", "MapReduce.NET\MapReduce.NET.csproj", "{9A81A775-7225-4D78-BB5B-C85BEA452758}"
EndProject
Project("{FAE04EC0-301F-11D3-BF4B-00C04F79EFBC}") = "TestProj", "TestProj\TestProj.csproj", "{6322683B-BAC7-4962-9996-F32689999E47}"
	ProjectSection(ProjectDependencies) = postProject
		{ED6483AF-6860-4E13-96EA-D3ECBAB31FD9} = {ED6483AF-6860-4E13-96EA-D3ECBAB31FD9}
	EndProjectSection
EndProject
Project("{FAE04EC0-301F-11D3-BF4B-00C04F79EFBC}") = "Mapreduce.Web", "Mapreduce.Web\Mapreduce.Web.csproj", "{ED6483AF-6860-4E13-96EA-D3ECBAB31FD9}"
EndProject
Project("{FAE04EC0-301F-11D3-BF4B-00C04F79EFBC}") = "MapReduceSamples", "MapReduceSamples\MapReduceSamples.csproj", "{DA31DD8D-A13D-4794-9B7C-CE493147421D}"
EndProject
Project("{FAE04EC0-301F-11D3-BF4B-00C04F79EFBC}") = "Tests", "Tests\Tests.csproj", "{1E07C4CE-399E-452E-8D36-A2FCFF319B6B}"
EndProject
Global
	GlobalSection(SolutionConfigurationPlatforms) = preSolution
		Debug|Any CPU = Debug|Any CPU
		Debug|Mixed Platforms = Debug|Mixed Platforms
		Debug|x86 = Debug|x86
		iOS|Any CPU = iOS|Any CPU
		iOS|Mixed Platforms = iOS|Mixed Platforms
		iOS|x86 = iOS|x86
		Net20|Any CPU = Net20|Any CPU
		Net20|Mixed Platforms = Net20|Mixed Platforms
		Net20|x86 = Net20|x86
		Profile|Any CPU = Profile|Any CPU
		Profile|Mixed Platforms = Profile|Mixed Platforms
		Profile|x86 = Profile|x86
		Release|Any CPU = Release|Any CPU
		Release|Mixed Platforms = Release|Mixed Platforms
		Release|x86 = Release|x86
		Silverlight2|Any CPU = Silverlight2|Any CPU
		Silverlight2|Mixed Platforms = Silverlight2|Mixed Platforms
		Silverlight2|x86 = Silverlight2|x86
		Unity|Any CPU = Unity|Any CPU
		Unity|Mixed Platforms = Unity|Mixed Platforms
		Unity|x86 = Unity|x86
	EndGlobalSection
	GlobalSection(ProjectConfigurationPlatforms) = postSolution
		{9A81A775-7225-4D78-BB5B-C85BEA452758}.Debug|Any CPU.ActiveCfg = Debug|x86
		{9A81A775-7225-4D78-BB5B-C85BEA452758}.Debug|Any CPU.Build.0 = Debug|x86
		{9A81A775-7225-4D78-BB5B-C85BEA452758}.Debug|Mixed Platforms.ActiveCfg = Debug|x86
		{9A81A775-7225-4D78-BB5B-C85BEA452758}.Debug|Mixed Platforms.Build.0 = Debug|x86
		{9A81A775-7225-4D78-BB5B-C85BEA452758}.Debug|x86.ActiveCfg = Debug|x86
		{9A81A775-7225-4D78-BB5B-C85BEA452758}.Debug|x86.Build.0 = Debug|x86
		{9A81A775-7225-4D78-BB5B-C85BEA452758}.iOS|Any CPU.ActiveCfg = Release|x86
		{9A81A775-7225-4D78-BB5B-C85BEA452758}.iOS|Mixed Platforms.ActiveCfg = Release|x86
		{9A81A775-7225-4D78-BB5B-C85BEA452758}.iOS|Mixed Platforms.Build.0 = Release|x86
		{9A81A775-7225-4D78-BB5B-C85BEA452758}.iOS|x86.ActiveCfg = Release|x86
		{9A81A775-7225-4D78-BB5B-C85BEA452758}.iOS|x86.Build.0 = Release|x86
		{9A81A775-7225-4D78-BB5B-C85BEA452758}.Net20|Any CPU.ActiveCfg = Release|x86
		{9A81A775-7225-4D78-BB5B-C85BEA452758}.Net20|Mixed Platforms.ActiveCfg = Release|x86
		{9A81A775-7225-4D78-BB5B-C85BEA452758}.Net20|Mixed Platforms.Build.0 = Release|x86
		{9A81A775-7225-4D78-BB5B-C85BEA452758}.Net20|x86.ActiveCfg = Release|x86
		{9A81A775-7225-4D78-BB5B-C85BEA452758}.Net20|x86.Build.0 = Release|x86
		{9A81A775-7225-4D78-BB5B-C85BEA452758}.Profile|Any CPU.ActiveCfg = Release|x86
		{9A81A775-7225-4D78-BB5B-C85BEA452758}.Profile|Mixed Platforms.ActiveCfg = Release|x86
		{9A81A775-7225-4D78-BB5B-C85BEA452758}.Profile|Mixed Platforms.Build.0 = Release|x86
		{9A81A775-7225-4D78-BB5B-C85BEA452758}.Profile|x86.ActiveCfg = Release|x86
		{9A81A775-7225-4D78-BB5B-C85BEA452758}.Profile|x86.Build.0 = Release|x86
		{9A81A775-7225-4D78-BB5B-C85BEA452758}.Release|Any CPU.ActiveCfg = Release|x86
		{9A81A775-7225-4D78-BB5B-C85BEA452758}.Release|Mixed Platforms.ActiveCfg = Release|x86
		{9A81A775-7225-4D78-BB5B-C85BEA452758}.Release|Mixed Platforms.Build.0 = Release|x86
		{9A81A775-7225-4D78-BB5B-C85BEA452758}.Release|x86.ActiveCfg = Release|x86
		{9A81A775-7225-4D78-BB5B-C85BEA452758}.Release|x86.Build.0 = Release|x86
		{9A81A775-7225-4D78-BB5B-C85BEA452758}.Silverlight2|Any CPU.ActiveCfg = Release|x86
		{9A81A775-7225-4D78-BB5B-C85BEA452758}.Silverlight2|Mixed Platforms.ActiveCfg = Release|x86
		{9A81A775-7225-4D78-BB5B-C85BEA452758}.Silverlight2|Mixed Platforms.Build.0 = Release|x86
		{9A81A775-7225-4D78-BB5B-C85BEA452758}.Silverlight2|x86.ActiveCfg = Release|x86
		{9A81A775-7225-4D78-BB5B-C85BEA452758}.Silverlight2|x86.Build.0 = Release|x86
		{9A81A775-7225-4D78-BB5B-C85BEA452758}.Unity|Any CPU.ActiveCfg = Release|x86
		{9A81A775-7225-4D78-BB5B-C85BEA452758}.Unity|Mixed Platforms.ActiveCfg = Release|x86
		{9A81A775-7225-4D78-BB5B-C85BEA452758}.Unity|Mixed Platforms.Build.0 = Release|x86
		{9A81A775-7225-4D78-BB5B-C85BEA452758}.Unity|x86.ActiveCfg = Release|x86
		{9A81A775-7225-4D78-BB5B-C85BEA452758}.Unity|x86.Build.0 = Release|x86
		{6322683B-BAC7-4962-9996-F32689999E47}.Debug|Any CPU.ActiveCfg = Debug|x86
		{6322683B-BAC7-4962-9996-F32689999E47}.Debug|Any CPU.Build.0 = Debug|x86
		{6322683B-BAC7-4962-9996-F32689999E47}.Debug|Mixed Platforms.ActiveCfg = Debug|x86
		{6322683B-BAC7-4962-9996-F32689999E47}.Debug|Mixed Platforms.Build.0 = Debug|x86
		{6322683B-BAC7-4962-9996-F32689999E47}.Debug|x86.ActiveCfg = Debug|x86
		{6322683B-BAC7-4962-9996-F32689999E47}.Debug|x86.Build.0 = Debug|x86
		{6322683B-BAC7-4962-9996-F32689999E47}.iOS|Any CPU.ActiveCfg = Release|x86
		{6322683B-BAC7-4962-9996-F32689999E47}.iOS|Mixed Platforms.ActiveCfg = Release|x86
		{6322683B-BAC7-4962-9996-F32689999E47}.iOS|Mixed Platforms.Build.0 = Release|x86
		{6322683B-BAC7-4962-9996-F32689999E47}.iOS|x86.ActiveCfg = Release|x86
		{6322683B-BAC7-4962-9996-F32689999E47}.iOS|x86.Build.0 = Release|x86
		{6322683B-BAC7-4962-9996-F32689999E47}.Net20|Any CPU.ActiveCfg = Release|x86
		{6322683B-BAC7-4962-9996-F32689999E47}.Net20|Mixed Platforms.ActiveCfg = Release|x86
		{6322683B-BAC7-4962-9996-F32689999E47}.Net20|Mixed Platforms.Build.0 = Release|x86
		{6322683B-BAC7-4962-9996-F32689999E47}.Net20|x86.ActiveCfg = Release|x86
		{6322683B-BAC7-4962-9996-F32689999E47}.Net20|x86.Build.0 = Release|x86
		{6322683B-BAC7-4962-9996-F32689999E47}.Profile|Any CPU.ActiveCfg = Release|x86
		{6322683B-BAC7-4962-9996-F32689999E47}.Profile|Mixed Platforms.ActiveCfg = Release|x86
		{6322683B-BAC7-4962-9996-F32689999E47}.Profile|Mixed Platforms.Build.0 = Release|x86
		{6322683B-BAC7-4962-9996-F32689999E47}.Profile|x86.ActiveCfg = Release|x86
		{6322683B-BAC7-4962-9996-F32689999E47}.Profile|x86.Build.0 = Release|x86
		{6322683B-BAC7-4962-9996-F32689999E47}.Release|Any CPU.ActiveCfg = Release|x86
		{6322683B-BAC7-4962-9996-F32689999E47}.Release|Mixed Platforms.ActiveCfg = Release|x86
		{6322683B-BAC7-4962-9996-F32689999E47}.Release|Mixed Platforms.Build.0 = Release|x86
		{6322683B-BAC7-4962-9996-F32689999E47}.Release|x86.ActiveCfg = Release|x86
		{6322683B-BAC7-4962-9996-F32689999E47}.Release|x86.Build.0 = Release|x86
		{6322683B-BAC7-4962-9996-F32689999E47}.Silverlight2|Any CPU.ActiveCfg = Release|x86
		{6322683B-BAC7-4962-9996-F32689999E47}.Silverlight2|Mixed Platforms.ActiveCfg = Release|x86
		{6322683B-BAC7-4962-9996-F32689999E47}.Silverlight2|Mixed Platforms.Build.0 = Release|x86
		{6322683B-BAC7-4962-9996-F32689999E47}.Silverlight2|x86.ActiveCfg = Release|x86
		{6322683B-BAC7-4962-9996-F32689999E47}.Silverlight2|x86.Build.0 = Release|x86
		{6322683B-BAC7-4962-9996-F32689999E47}.Unity|Any CPU.ActiveCfg = Release|x86
		{6322683B-BAC7-4962-9996-F32689999E47}.Unity|Mixed Platforms.ActiveCfg = Release|x86
		{6322683B-BAC7-4962-9996-F32689999E47}.Unity|Mixed Platforms.Build.0 = Release|x86
		{6322683B-BAC7-4962-9996-F32689999E47}.Unity|x86.ActiveCfg = Release|x86
		{6322683B-BAC7-4962-9996-F32689999E47}.Unity|x86.Build.0 = Release|x86
		{ED6483AF-6860-4E13-96EA-D3ECBAB31FD9}.Debug|Any CPU.ActiveCfg = Debug|Any CPU
		{ED6483AF-6860-4E13-96EA-D3ECBAB31FD9}.Debug|Any CPU.Build.0 = Debug|Any CPU
		{ED6483AF-6860-4E13-96EA-D3ECBAB31FD9}.Debug|Mixed Platforms.ActiveCfg = Debug|Any CPU
		{ED6483AF-6860-4E13-96EA-D3ECBAB31FD9}.Debug|Mixed Platforms.Build.0 = Debug|Any CPU
		{ED6483AF-6860-4E13-96EA-D3ECBAB31FD9}.Debug|x86.ActiveCfg = Debug|Any CPU
		{ED6483AF-6860-4E13-96EA-D3ECBAB31FD9}.iOS|Any CPU.ActiveCfg = Release|Any CPU
		{ED6483AF-6860-4E13-96EA-D3ECBAB31FD9}.iOS|Any CPU.Build.0 = Release|Any CPU
		{ED6483AF-6860-4E13-96EA-D3ECBAB31FD9}.iOS|Mixed Platforms.ActiveCfg = Release|Any CPU
		{ED6483AF-6860-4E13-96EA-D3ECBAB31FD9}.iOS|Mixed Platforms.Build.0 = Release|Any CPU
		{ED6483AF-6860-4E13-96EA-D3ECBAB31FD9}.iOS|x86.ActiveCfg = Release|Any CPU
		{ED6483AF-6860-4E13-96EA-D3ECBAB31FD9}.Net20|Any CPU.ActiveCfg = Release|Any CPU
		{ED6483AF-6860-4E13-96EA-D3ECBAB31FD9}.Net20|Any CPU.Build.0 = Release|Any CPU
		{ED6483AF-6860-4E13-96EA-D3ECBAB31FD9}.Net20|Mixed Platforms.ActiveCfg = Release|Any CPU
		{ED6483AF-6860-4E13-96EA-D3ECBAB31FD9}.Net20|Mixed Platforms.Build.0 = Release|Any CPU
		{ED6483AF-6860-4E13-96EA-D3ECBAB31FD9}.Net20|x86.ActiveCfg = Release|Any CPU
		{ED6483AF-6860-4E13-96EA-D3ECBAB31FD9}.Profile|Any CPU.ActiveCfg = Release|Any CPU
		{ED6483AF-6860-4E13-96EA-D3ECBAB31FD9}.Profile|Any CPU.Build.0 = Release|Any CPU
		{ED6483AF-6860-4E13-96EA-D3ECBAB31FD9}.Profile|Mixed Platforms.ActiveCfg = Release|Any CPU
		{ED6483AF-6860-4E13-96EA-D3ECBAB31FD9}.Profile|Mixed Platforms.Build.0 = Release|Any CPU
		{ED6483AF-6860-4E13-96EA-D3ECBAB31FD9}.Profile|x86.ActiveCfg = Release|Any CPU
		{ED6483AF-6860-4E13-96EA-D3ECBAB31FD9}.Release|Any CPU.ActiveCfg = Release|Any CPU
		{ED6483AF-6860-4E13-96EA-D3ECBAB31FD9}.Release|Any CPU.Build.0 = Release|Any CPU
		{ED6483AF-6860-4E13-96EA-D3ECBAB31FD9}.Release|Mixed Platforms.ActiveCfg = Release|Any CPU
		{ED6483AF-6860-4E13-96EA-D3ECBAB31FD9}.Release|Mixed Platforms.Build.0 = Release|Any CPU
		{ED6483AF-6860-4E13-96EA-D3ECBAB31FD9}.Release|x86.ActiveCfg = Release|Any CPU
		{ED6483AF-6860-4E13-96EA-D3ECBAB31FD9}.Silverlight2|Any CPU.ActiveCfg = Release|Any CPU
		{ED6483AF-6860-4E13-96EA-D3ECBAB31FD9}.Silverlight2|Any CPU.Build.0 = Release|Any CPU
		{ED6483AF-6860-4E13-96EA-D3ECBAB31FD9}.Silverlight2|Mixed Platforms.ActiveCfg = Release|Any CPU
		{ED6483AF-6860-4E13-96EA-D3ECBAB31FD9}.Silverlight2|Mixed Platforms.Build.0 = Release|Any CPU
		{ED6483AF-6860-4E13-96EA-D3ECBAB31FD9}.Silverlight2|x86.ActiveCfg = Release|Any CPU
		{ED6483AF-6860-4E13-96EA-D3ECBAB31FD9}.Unity|Any CPU.ActiveCfg = Release|Any CPU
		{ED6483AF-6860-4E13-96EA-D3ECBAB31FD9}.Unity|Any CPU.Build.0 = Release|Any CPU
		{ED6483AF-6860-4E13-96EA-D3ECBAB31FD9}.Unity|Mixed Platforms.ActiveCfg = Release|Any CPU
		{ED6483AF-6860-4E13-96EA-D3ECBAB31FD9}.Unity|Mixed Platforms.Build.0 = Release|Any CPU
		{ED6483AF-6860-4E13-96EA-D3ECBAB31FD9}.Unity|x86.ActiveCfg = Release|Any CPU
		{DA31DD8D-A13D-4794-9B7C-CE493147421D}.Debug|Any CPU.ActiveCfg = Debug|Any CPU
		{DA31DD8D-A13D-4794-9B7C-CE493147421D}.Debug|Any CPU.Build.0 = Debug|Any CPU
		{DA31DD8D-A13D-4794-9B7C-CE493147421D}.Debug|Mixed Platforms.ActiveCfg = Debug|Any CPU
		{DA31DD8D-A13D-4794-9B7C-CE493147421D}.Debug|Mixed Platforms.Build.0 = Debug|Any CPU
		{DA31DD8D-A13D-4794-9B7C-CE493147421D}.Debug|x86.ActiveCfg = Debug|Any CPU
		{DA31DD8D-A13D-4794-9B7C-CE493147421D}.iOS|Any CPU.ActiveCfg = Release|Any CPU
		{DA31DD8D-A13D-4794-9B7C-CE493147421D}.iOS|Any CPU.Build.0 = Release|Any CPU
		{DA31DD8D-A13D-4794-9B7C-CE493147421D}.iOS|Mixed Platforms.ActiveCfg = Release|Any CPU
		{DA31DD8D-A13D-4794-9B7C-CE493147421D}.iOS|Mixed Platforms.Build.0 = Release|Any CPU
		{DA31DD8D-A13D-4794-9B7C-CE493147421D}.iOS|x86.ActiveCfg = Release|Any CPU
		{DA31DD8D-A13D-4794-9B7C-CE493147421D}.Net20|Any CPU.ActiveCfg = Release|Any CPU
		{DA31DD8D-A13D-4794-9B7C-CE493147421D}.Net20|Any CPU.Build.0 = Release|Any CPU
		{DA31DD8D-A13D-4794-9B7C-CE493147421D}.Net20|Mixed Platforms.ActiveCfg = Release|Any CPU
		{DA31DD8D-A13D-4794-9B7C-CE493147421D}.Net20|Mixed Platforms.Build.0 = Release|Any CPU
		{DA31DD8D-A13D-4794-9B7C-CE493147421D}.Net20|x86.ActiveCfg = Release|Any CPU
		{DA31DD8D-A13D-4794-9B7C-CE493147421D}.Profile|Any CPU.ActiveCfg = Release|Any CPU
		{DA31DD8D-A13D-4794-9B7C-CE493147421D}.Profile|Any CPU.Build.0 = Release|Any CPU
		{DA31DD8D-A13D-4794-9B7C-CE493147421D}.Profile|Mixed Platforms.ActiveCfg = Release|Any CPU
		{DA31DD8D-A13D-4794-9B7C-CE493147421D}.Profile|Mixed Platforms.Build.0 = Release|Any CPU
		{DA31DD8D-A13D-4794-9B7C-CE493147421D}.Profile|x86.ActiveCfg = Release|Any CPU
		{DA31DD8D-A13D-4794-9B7C-CE493147421D}.Release|Any CPU.ActiveCfg = Release|Any CPU
		{DA31DD8D-A13D-4794-9B7C-CE493147421D}.Release|Any CPU.Build.0 = Release|Any CPU
		{DA31DD8D-A13D-4794-9B7C-CE493147421D}.Release|Mixed Platforms.ActiveCfg = Release|Any CPU
		{DA31DD8D-A13D-4794-9B7C-CE493147421D}.Release|Mixed Platforms.Build.0 = Release|Any CPU
		{DA31DD8D-A13D-4794-9B7C-CE493147421D}.Release|x86.ActiveCfg = Release|Any CPU
		{DA31DD8D-A13D-4794-9B7C-CE493147421D}.Silverlight2|Any CPU.ActiveCfg = Release|Any CPU
		{DA31DD8D-A13D-4794-9B7C-CE493147421D}.Silverlight2|Any CPU.Build.0 = Release|Any CPU
		{DA31DD8D-A13D-4794-9B7C-CE493147421D}.Silverlight2|Mixed Platforms.ActiveCfg = Release|Any CPU
		{DA31DD8D-A13D-4794-9B7C-CE493147421D}.Silverlight2|Mixed Platforms.Build.0 = Release|Any CPU
		{DA31DD8D-A13D-4794-9B7C-CE493147421D}.Silverlight2|x86.ActiveCfg = Release|Any CPU
		{DA31DD8D-A13D-4794-9B7C-CE493147421D}.Unity|Any CPU.ActiveCfg = Release|Any CPU
		{DA31DD8D-A13D-4794-9B7C-CE493147421D}.Unity|Any CPU.Build.0 = Release|Any CPU
		{DA31DD8D-A13D-4794-9B7C-CE493147421D}.Unity|Mixed Platforms.ActiveCfg = Release|Any CPU
		{DA31DD8D-A13D-4794-9B7C-CE493147421D}.Unity|Mixed Platforms.Build.0 = Release|Any CPU
		{DA31DD8D-A13D-4794-9B7C-CE493147421D}.Unity|x86.ActiveCfg = Release|Any CPU
		{1E07C4CE-399E-452E-8D36-A2FCFF319B6B}.Debug|Any CPU.ActiveCfg = Debug|Any CPU
		{1E07C4CE-399E-452E-8D36-A2FCFF319B6B}.Debug|Any CPU.Build.0 = Debug|Any CPU
		{1E07C4CE-399E-452E-8D36-A2FCFF319B6B}.Debug|Mixed Platforms.ActiveCfg = Debug|Any CPU
		{1E07C4CE-399E-452E-8D36-A2FCFF319B6B}.Debug|Mixed Platforms.Build.0 = Debug|Any CPU
		{1E07C4CE-399E-452E-8D36-A2FCFF319B6B}.Debug|x86.ActiveCfg = Debug|Any CPU
		{1E07C4CE-399E-452E-8D36-A2FCFF319B6B}.iOS|Any CPU.ActiveCfg = Release|Any CPU
		{1E07C4CE-399E-452E-8D36-A2FCFF319B6B}.iOS|Any CPU.Build.0 = Release|Any CPU
		{1E07C4CE-399E-452E-8D36-A2FCFF319B6B}.iOS|Mixed Platforms.ActiveCfg = Release|Any CPU
		{1E07C4CE-399E-452E-8D36-A2FCFF319B6B}.iOS|Mixed Platforms.Build.0 = Release|Any CPU
		{1E07C4CE-399E-452E-8D36-A2FCFF319B6B}.iOS|x86.ActiveCfg = Release|Any CPU
		{1E07C4CE-399E-452E-8D36-A2FCFF319B6B}.Net20|Any CPU.ActiveCfg = Release|Any CPU
		{1E07C4CE-399E-452E-8D36-A2FCFF319B6B}.Net20|Any CPU.Build.0 = Release|Any CPU
		{1E07C4CE-399E-452E-8D36-A2FCFF319B6B}.Net20|Mixed Platforms.ActiveCfg = Release|Any CPU
		{1E07C4CE-399E-452E-8D36-A2FCFF319B6B}.Net20|Mixed Platforms.Build.0 = Release|Any CPU
		{1E07C4CE-399E-452E-8D36-A2FCFF319B6B}.Net20|x86.ActiveCfg = Release|Any CPU
		{1E07C4CE-399E-452E-8D36-A2FCFF319B6B}.Profile|Any CPU.ActiveCfg = Release|Any CPU
		{1E07C4CE-399E-452E-8D36-A2FCFF319B6B}.Profile|Any CPU.Build.0 = Release|Any CPU
		{1E07C4CE-399E-452E-8D36-A2FCFF319B6B}.Profile|Mixed Platforms.ActiveCfg = Release|Any CPU
		{1E07C4CE-399E-452E-8D36-A2FCFF319B6B}.Profile|Mixed Platforms.Build.0 = Release|Any CPU
		{1E07C4CE-399E-452E-8D36-A2FCFF319B6B}.Profile|x86.ActiveCfg = Release|Any CPU
		{1E07C4CE-399E-452E-8D36-A2FCFF319B6B}.Release|Any CPU.ActiveCfg = Release|Any CPU
		{1E07C4CE-399E-452E-8D36-A2FCFF319B6B}.Release|Any CPU.Build.0 = Release|Any CPU
		{1E07C4CE-399E-452E-8D36-A2FCFF319B6B}.Release|Mixed Platforms.ActiveCfg = Release|Any CPU
		{1E07C4CE-399E-452E-8D36-A2FCFF319B6B}.Release|Mixed Platforms.Build.0 = Release|Any CPU
		{1E07C4CE-399E-452E-8D36-A2FCFF319B6B}.Release|x86.ActiveCfg = Release|Any CPU
		{1E07C4CE-399E-452E-8D36-A2FCFF319B6B}.Silverlight2|Any CPU.ActiveCfg = Release|Any CPU
		{1E07C4CE-399E-452E-8D36-A2FCFF319B6B}.Silverlight2|Any CPU.Build.0 = Release|Any CPU
		{1E07C4CE-399E-452E-8D36-A2FCFF319B6B}.Silverlight2|Mixed Platforms.ActiveCfg = Release|Any CPU
		{1E07C4CE-399E-452E-8D36-A2FCFF319B6B}.Silverlight2|Mixed Platforms.Build.0 = Release|Any CPU
		{1E07C4CE-399E-452E-8D36-A2FCFF319B6B}.Silverlight2|x86.ActiveCfg = Release|Any CPU
		{1E07C4CE-399E-452E-8D36-A2FCFF319B6B}.Unity|Any CPU.ActiveCfg = Release|Any CPU
		{1E07C4CE-399E-452E-8D36-A2FCFF319B6B}.Unity|Any CPU.Build.0 = Release|Any CPU
		{1E07C4CE-399E-452E-8D36-A2FCFF319B6B}.Unity|Mixed Platforms.ActiveCfg = Release|Any CPU
		{1E07C4CE-399E-452E-8D36-A2FCFF319B6B}.Unity|Mixed Platforms.Build.0 = Release|Any CPU
		{1E07C4CE-399E-452E-8D36-A2FCFF319B6B}.Unity|x86.ActiveCfg = Release|Any CPU
	EndGlobalSection
	GlobalSection(SolutionProperties) = preSolution
		HideSolutionNode = FALSE
	EndGlobalSection
	GlobalSection(TestCaseManagementSettings) = postSolution
		CategoryFile = MapReduce.NET.vsmdi
	EndGlobalSection
EndGlobal
